Microsoft Visual Studio Solution File, Format Version 12.00
# Visual Studio Version 17
VisualStudioVersion = 17.9.34310.174
MinimumVisualStudioVersion = 10.0.40219.1
Project("{9A19103F-16F7-4668-BE54-9A1E7A4F7556}") = "ServiceGraph.Web", "ServiceGraph.Web\ServiceGraph.Web.csproj", "{D1E2333A-41EE-4D32-A9B6-75BBF552CA3C}"
EndProject
Project("{FAE04EC0-301F-11D3-BF4B-00C04F79EFBC}") = "ServiceGraph.Common", "ServiceGraph.Common\ServiceGraph.Common.csproj", "{877AFCAE-9E98-4460-A462-07AAE3D2C9B1}"
EndProject
Global
	GlobalSection(SolutionConfigurationPlatforms) = preSolution
		Debug|Any CPU = Debug|Any CPU
		Release|Any CPU = Release|Any CPU
	EndGlobalSection
	GlobalSection(ProjectConfigurationPlatforms) = postSolution
		{D1E2333A-41EE-4D32-A9B6-75BBF552CA3C}.Debug|Any CPU.ActiveCfg = Debug|Any CPU
		{D1E2333A-41EE-4D32-A9B6-75BBF552CA3C}.Debug|Any CPU.Build.0 = Debug|Any CPU
		{D1E2333A-41EE-4D32-A9B6-75BBF552CA3C}.Release|Any CPU.ActiveCfg = Release|Any CPU
		{D1E2333A-41EE-4D32-A9B6-75BBF552CA3C}.Release|Any CPU.Build.0 = Release|Any CPU
		{877AFCAE-9E98-4460-A462-07AAE3D2C9B1}.Debug|Any CPU.ActiveCfg = Debug|Any CPU
		{877AFCAE-9E98-4460-A462-07AAE3D2C9B1}.Debug|Any CPU.Build.0 = Debug|Any CPU
		{877AFCAE-9E98-4460-A462-07AAE3D2C9B1}.Release|Any CPU.ActiveCfg = Release|Any CPU
		{877AFCAE-9E98-4460-A462-07AAE3D2C9B1}.Release|Any CPU.Build.0 = Release|Any CPU
	EndGlobalSection
	GlobalSection(SolutionProperties) = preSolution
		HideSolutionNode = FALSE
	EndGlobalSection
	GlobalSection(ExtensibilityGlobals) = postSolution
		SolutionGuid = {B74ED384-6A84-4D0C-A505-92086BDB715A}
	EndGlobalSection
EndGlobal
